
Microsoft Visual Studio Solution File, Format Version 12.00
# Visual Studio Version 17
VisualStudioVersion = 17.9.34728.123
MinimumVisualStudioVersion = 10.0.40219.1
Project("{FAE04EC0-301F-11D3-BF4B-00C04F79EFBC}") = "Micaela Dimacali ACT 1C", "Micaela Dimacali ACT 1C\Micaela Dimacali ACT 1C.csproj", "{470BD54B-448F-41B8-B993-B8591BF3346B}"
EndProject
Global
	GlobalSection(SolutionConfigurationPlatforms) = preSolution
		Debug|Any CPU = Debug|Any CPU
		Release|Any CPU = Release|Any CPU
	EndGlobalSection
	GlobalSection(ProjectConfigurationPlatforms) = postSolution
		{470BD54B-448F-41B8-B993-B8591BF3346B}.Debug|Any CPU.ActiveCfg = Debug|Any CPU
		{470BD54B-448F-41B8-B993-B8591BF3346B}.Debug|Any CPU.Build.0 = Debug|Any CPU
		{470BD54B-448F-41B8-B993-B8591BF3346B}.Release|Any CPU.ActiveCfg = Release|Any CPU
		{470BD54B-448F-41B8-B993-B8591BF3346B}.Release|Any CPU.Build.0 = Release|Any CPU
	EndGlobalSection
	GlobalSection(SolutionProperties) = preSolution
		HideSolutionNode = FALSE
	EndGlobalSection
	GlobalSection(ExtensibilityGlobals) = postSolution
		SolutionGuid = {97F02CA1-B8A8-407C-A377-30C364E47862}
	EndGlobalSection
EndGlobal
